{
  "name": "agent-city-runtime",
  "version": "1.0.0",
  "lockfileVersion": 3,
  "requires": true,
  "packages": {
    "": {
      "name": "agent-city-runtime",
      "version": "1.0.0",
      "dependencies": {
        "@kujolang/kujo-runtime": "1.7.0"
      }
    },
    "node_modules/@kujolang/kujo-darwin-arm64": {
      "version": "1.7.0",
      "resolved": "https://registry.npmjs.org/@kujolang/kujo-darwin-arm64/-/kujo-darwin-arm64-1.7.0.tgz",
      "integrity": "sha512-C/S3xub9/s+PsvKRsD9PV8VV717lPVaOb6O2hK84vkjn404ecWwZnGy5y2ORn6MXYZlc9VrG1npS5suFT8j2xw==",
      "cpu": [
        "arm64"
      ],
      "license": "MIT",
      "optional": true,
      "os": [
        "darwin"
      ]
    },
    "node_modules/@kujolang/kujo-darwin-x64": {
      "version": "1.7.0",
      "resolved": "https://registry.npmjs.org/@kujolang/kujo-darwin-x64/-/kujo-darwin-x64-1.7.0.tgz",
      "integrity": "sha512-SNBCSh1U0vdWtTmI4lAOmFEFyQZg71yjL5eNZT9ImbQ04FnJMtufJchwOcoI1gskVF9VmLEjFgylPSNT3AXF3Q==",
      "cpu": [
        "x64"
      ],
      "license": "MIT",
      "optional": true,
      "os": [
        "darwin"
      ]
    },
    "node_modules/@kujolang/kujo-linux-arm64": {
      "version": "1.7.0",
      "resolved": "https://registry.npmjs.org/@kujolang/kujo-linux-arm64/-/kujo-linux-arm64-1.7.0.tgz",
      "integrity": "sha512-iJEjxf4HRoOfZ4EzLYmfQ902ISPQGQeRQmvWf/+r99+LFWIAl5ZfKxpHKhrI8dKLbCx1JgHXjP9SYcEKt0rcfA==",
      "cpu": [
        "arm64"
      ],
      "libc": [
        "glibc"
      ],
      "license": "MIT",
      "optional": true,
      "os": [
        "linux"
      ]
    },
    "node_modules/@kujolang/kujo-linux-x64": {
      "version": "1.7.0",
      "resolved": "https://registry.npmjs.org/@kujolang/kujo-linux-x64/-/kujo-linux-x64-1.7.0.tgz",
      "integrity": "sha512-TB4adlJi8ef5ngXDN65qk8wo8SGxoN5ubS3kTM683OU7k4xPuX5YWM55B0it3rQdur1i/KR1wp57YZLhZaVwlg==",
      "cpu": [
        "x64"
      ],
      "libc": [
        "glibc"
      ],
      "license": "MIT",
      "optional": true,
      "os": [
        "linux"
      ]
    },
    "node_modules/@kujolang/kujo-runtime": {
      "version": "1.7.0",
      "resolved": "https://registry.npmjs.org/@kujolang/kujo-runtime/-/kujo-runtime-1.7.0.tgz",
      "integrity": "sha512-F9S3eUoxgARB3Rva4koGi2d8SE5WV8b/eSCMrp9PSg2GjQvx203jubA8ONBDiKbSEkVBsAPQvxvAxzMbHb1gRg==",
      "license": "MIT",
      "bin": {
        "kujo": "bin/kujo.js"
      },
      "engines": {
        "node": ">=18"
      },
      "optionalDependencies": {
        "@kujolang/kujo-darwin-arm64": "1.7.0",
        "@kujolang/kujo-darwin-x64": "1.7.0",
        "@kujolang/kujo-linux-arm64": "1.7.0",
        "@kujolang/kujo-linux-x64": "1.7.0",
        "@kujolang/kujo-win32-x64": "1.7.0"
      }
    },
    "node_modules/@kujolang/kujo-win32-x64": {
      "version": "1.7.0",
      "resolved": "https://registry.npmjs.org/@kujolang/kujo-win32-x64/-/kujo-win32-x64-1.7.0.tgz",
      "integrity": "sha512-0R7Uctywa0+vF47AANVluI7KOjPlHd4aacJbYd7aX2zxuOtco4al4f3BLD6POehYmlkZoPS5g/iAWoCJniBTZw==",
      "cpu": [
        "x64"
      ],
      "license": "MIT",
      "optional": true,
      "os": [
        "win32"
      ]
    }
  }
}
